
Microsoft Visual Studio Solution File, Format Version 12.00
# Visual Studio 14
VisualStudioVersion = 14.0.25420.1
MinimumVisualStudioVersion = 10.0.40219.1
Project("{8BB2217D-0F2D-49D1-97BC-3654ED321F3B}") = "KafkaBus", "KafkaBus\KafkaBus.xproj", "{D8F09662-7EC7-4D39-85A8-C48FAD6E064C}"
EndProject
Project("{2150E333-8FDC-42A3-9474-1A3956D46DE8}") = "Tests", "Tests", "{4ECC1D18-FA6A-42BF-9090-551124D12DE2}"
EndProject
Project("{8BB2217D-0F2D-49D1-97BC-3654ED321F3B}") = "KafkabusTest", "KafkabusTest\KafkabusTest.xproj", "{02D72098-C6AA-4252-B692-6AF4AF89C28D}"
EndProject
Global
	GlobalSection(SolutionConfigurationPlatforms) = preSolution
		Debug|Any CPU = Debug|Any CPU
		Release|Any CPU = Release|Any CPU
	EndGlobalSection
	GlobalSection(ProjectConfigurationPlatforms) = postSolution
		{D8F09662-7EC7-4D39-85A8-C48FAD6E064C}.Debug|Any CPU.ActiveCfg = Debug|Any CPU
		{D8F09662-7EC7-4D39-85A8-C48FAD6E064C}.Debug|Any CPU.Build.0 = Debug|Any CPU
		{D8F09662-7EC7-4D39-85A8-C48FAD6E064C}.Release|Any CPU.ActiveCfg = Release|Any CPU
		{D8F09662-7EC7-4D39-85A8-C48FAD6E064C}.Release|Any CPU.Build.0 = Release|Any CPU
		{02D72098-C6AA-4252-B692-6AF4AF89C28D}.Debug|Any CPU.ActiveCfg = Debug|Any CPU
		{02D72098-C6AA-4252-B692-6AF4AF89C28D}.Debug|Any CPU.Build.0 = Debug|Any CPU
		{02D72098-C6AA-4252-B692-6AF4AF89C28D}.Release|Any CPU.ActiveCfg = Release|Any CPU
		{02D72098-C6AA-4252-B692-6AF4AF89C28D}.Release|Any CPU.Build.0 = Release|Any CPU
	EndGlobalSection
	GlobalSection(SolutionProperties) = preSolution
		HideSolutionNode = FALSE
	EndGlobalSection
	GlobalSection(NestedProjects) = preSolution
		{02D72098-C6AA-4252-B692-6AF4AF89C28D} = {4ECC1D18-FA6A-42BF-9090-551124D12DE2}
	EndGlobalSection
EndGlobal
